
Microsoft Visual Studio Solution File, Format Version 12.00
# Visual Studio 15
VisualStudioVersion = 15.0.28307.779
MinimumVisualStudioVersion = 10.0.40219.1
Project("{FAE04EC0-301F-11D3-BF4B-00C04F79EFBC}") = "GraphDemo.Android", "GraphDemo\GraphDemo.Android\GraphDemo.Android.csproj", "{CAA93F71-D348-47A7-A199-BF1AD7F8C88C}"
EndProject
Project("{FAE04EC0-301F-11D3-BF4B-00C04F79EFBC}") = "GraphDemo.iOS", "GraphDemo\GraphDemo.iOS\GraphDemo.iOS.csproj", "{48B46B28-E439-4B27-B83E-7FEB1D83D008}"
EndProject
Project("{FAE04EC0-301F-11D3-BF4B-00C04F79EFBC}") = "GraphDemo", "GraphDemo\GraphDemo\GraphDemo.csproj", "{63838653-AE0C-4566-8BCD-EF635AD8D1FF}"
EndProject
Global
	GlobalSection(SolutionConfigurationPlatforms) = preSolution
		Ad-Hoc|Any CPU = Ad-Hoc|Any CPU
		Ad-Hoc|iPhone = Ad-Hoc|iPhone
		Ad-Hoc|iPhoneSimulator = Ad-Hoc|iPhoneSimulator
		AppStore|Any CPU = AppStore|Any CPU
		AppStore|iPhone = AppStore|iPhone
		AppStore|iPhoneSimulator = AppStore|iPhoneSimulator
		Debug|Any CPU = Debug|Any CPU
		Debug|iPhone = Debug|iPhone
		Debug|iPhoneSimulator = Debug|iPhoneSimulator
		Release|Any CPU = Release|Any CPU
		Release|iPhone = Release|iPhone
		Release|iPhoneSimulator = Release|iPhoneSimulator
	EndGlobalSection
	GlobalSection(ProjectConfigurationPlatforms) = postSolution
		{CAA93F71-D348-47A7-A199-BF1AD7F8C88C}.Ad-Hoc|Any CPU.ActiveCfg = Release|Any CPU
		{CAA93F71-D348-47A7-A199-BF1AD7F8C88C}.Ad-Hoc|Any CPU.Build.0 = Release|Any CPU
		{CAA93F71-D348-47A7-A199-BF1AD7F8C88C}.Ad-Hoc|Any CPU.Deploy.0 = Release|Any CPU
		{CAA93F71-D348-47A7-A199-BF1AD7F8C88C}.Ad-Hoc|iPhone.ActiveCfg = Release|Any CPU
		{CAA93F71-D348-47A7-A199-BF1AD7F8C88C}.Ad-Hoc|iPhone.Build.0 = Release|Any CPU
		{CAA93F71-D348-47A7-A199-BF1AD7F8C88C}.Ad-Hoc|iPhone.Deploy.0 = Release|Any CPU
		{CAA93F71-D348-47A7-A199-BF1AD7F8C88C}.Ad-Hoc|iPhoneSimulator.ActiveCfg = Release|Any CPU
		{CAA93F71-D348-47A7-A199-BF1AD7F8C88C}.Ad-Hoc|iPhoneSimulator.Build.0 = Release|Any CPU
		{CAA93F71-D348-47A7-A199-BF1AD7F8C88C}.Ad-Hoc|iPhoneSimulator.Deploy.0 = Release|Any CPU
		{CAA93F71-D348-47A7-A199-BF1AD7F8C88C}.AppStore|Any CPU.ActiveCfg = Release|Any CPU
		{CAA93F71-D348-47A7-A199-BF1AD7F8C88C}.AppStore|Any CPU.Build.0 = Release|Any CPU
		{CAA93F71-D348-47A7-A199-BF1AD7F8C88C}.AppStore|Any CPU.Deploy.0 = Release|Any CPU
		{CAA93F71-D348-47A7-A199-BF1AD7F8C88C}.AppStore|iPhone.ActiveCfg = Release|Any CPU
		{CAA93F71-D348-47A7-A199-BF1AD7F8C88C}.AppStore|iPhone.Build.0 = Release|Any CPU
		{CAA93F71-D348-47A7-A199-BF1AD7F8C88C}.AppStore|iPhone.Deploy.0 = Release|Any CPU
		{CAA93F71-D348-47A7-A199-BF1AD7F8C88C}.AppStore|iPhoneSimulator.ActiveCfg = Release|Any CPU
		{CAA93F71-D348-47A7-A199-BF1AD7F8C88C}.AppStore|iPhoneSimulator.Build.0 = Release|Any CPU
		{CAA93F71-D348-47A7-A199-BF1AD7F8C88C}.AppStore|iPhoneSimulator.Deploy.0 = Release|Any CPU
		{CAA93F71-D348-47A7-A199-BF1AD7F8C88C}.Debug|Any CPU.ActiveCfg = Debug|Any CPU
		{CAA93F71-D348-47A7-A199-BF1AD7F8C88C}.Debug|Any CPU.Build.0 = Debug|Any CPU
		{CAA93F71-D348-47A7-A199-BF1AD7F8C88C}.Debug|Any CPU.Deploy.0 = Debug|Any CPU
		{CAA93F71-D348-47A7-A199-BF1AD7F8C88C}.Debug|iPhone.ActiveCfg = Debug|Any CPU
		{CAA93F71-D348-47A7-A199-BF1AD7F8C88C}.Debug|iPhone.Build.0 = Debug|Any CPU
		{CAA93F71-D348-47A7-A199-BF1AD7F8C88C}.Debug|iPhone.Deploy.0 = Debug|Any CPU
		{CAA93F71-D348-47A7-A199-BF1AD7F8C88C}.Debug|iPhoneSimulator.ActiveCfg = Debug|Any CPU
		{CAA93F71-D348-47A7-A199-BF1AD7F8C88C}.Debug|iPhoneSimulator.Build.0 = Debug|Any CPU
		{CAA93F71-D348-47A7-A199-BF1AD7F8C88C}.Debug|iPhoneSimulator.Deploy.0 = Debug|Any CPU
		{CAA93F71-D348-47A7-A199-BF1AD7F8C88C}.Release|Any CPU.ActiveCfg = Release|Any CPU
		{CAA93F71-D348-47A7-A199-BF1AD7F8C88C}.Release|Any CPU.Build.0 = Release|Any CPU
		{CAA93F71-D348-47A7-A199-BF1AD7F8C88C}.Release|Any CPU.Deploy.0 = Release|Any CPU
		{CAA93F71-D348-47A7-A199-BF1AD7F8C88C}.Release|iPhone.ActiveCfg = Release|Any CPU
		{CAA93F71-D348-47A7-A199-BF1AD7F8C88C}.Release|iPhone.Build.0 = Release|Any CPU
		{CAA93F71-D348-47A7-A199-BF1AD7F8C88C}.Release|iPhone.Deploy.0 = Release|Any CPU
		{CAA93F71-D348-47A7-A199-BF1AD7F8C88C}.Release|iPhoneSimulator.ActiveCfg = Release|Any CPU
		{CAA93F71-D348-47A7-A199-BF1AD7F8C88C}.Release|iPhoneSimulator.Build.0 = Release|Any CPU
		{CAA93F71-D348-47A7-A199-BF1AD7F8C88C}.Release|iPhoneSimulator.Deploy.0 = Release|Any CPU
		{48B46B28-E439-4B27-B83E-7FEB1D83D008}.Ad-Hoc|Any CPU.ActiveCfg = Ad-Hoc|iPhone
		{48B46B28-E439-4B27-B83E-7FEB1D83D008}.Ad-Hoc|Any CPU.Build.0 = Ad-Hoc|iPhone
		{48B46B28-E439-4B27-B83E-7FEB1D83D008}.Ad-Hoc|Any CPU.Deploy.0 = Ad-Hoc|iPhone
		{48B46B28-E439-4B27-B83E-7FEB1D83D008}.Ad-Hoc|iPhone.ActiveCfg = Ad-Hoc|iPhone
		{48B46B28-E439-4B27-B83E-7FEB1D83D008}.Ad-Hoc|iPhone.Build.0 = Ad-Hoc|iPhone
		{48B46B28-E439-4B27-B83E-7FEB1D83D008}.Ad-Hoc|iPhone.Deploy.0 = Ad-Hoc|iPhone
		{48B46B28-E439-4B27-B83E-7FEB1D83D008}.Ad-Hoc|iPhoneSimulator.ActiveCfg = Ad-Hoc|iPhoneSimulator
		{48B46B28-E439-4B27-B83E-7FEB1D83D008}.Ad-Hoc|iPhoneSimulator.Build.0 = Ad-Hoc|iPhoneSimulator
		{48B46B28-E439-4B27-B83E-7FEB1D83D008}.Ad-Hoc|iPhoneSimulator.Deploy.0 = Ad-Hoc|iPhoneSimulator
		{48B46B28-E439-4B27-B83E-7FEB1D83D008}.AppStore|Any CPU.ActiveCfg = AppStore|iPhone
		{48B46B28-E439-4B27-B83E-7FEB1D83D008}.AppStore|Any CPU.Build.0 = AppStore|iPhone
		{48B46B28-E439-4B27-B83E-7FEB1D83D008}.AppStore|Any CPU.Deploy.0 = AppStore|iPhone
		{48B46B28-E439-4B27-B83E-7FEB1D83D008}.AppStore|iPhone.ActiveCfg = AppStore|iPhone
		{48B46B28-E439-4B27-B83E-7FEB1D83D008}.AppStore|iPhone.Build.0 = AppStore|iPhone
		{48B46B28-E439-4B27-B83E-7FEB1D83D008}.AppStore|iPhone.Deploy.0 = AppStore|iPhone
		{48B46B28-E439-4B27-B83E-7FEB1D83D008}.AppStore|iPhoneSimulator.ActiveCfg = AppStore|iPhoneSimulator
		{48B46B28-E439-4B27-B83E-7FEB1D83D008}.AppStore|iPhoneSimulator.Build.0 = AppStore|iPhoneSimulator
		{48B46B28-E439-4B27-B83E-7FEB1D83D008}.AppStore|iPhoneSimulator.Deploy.0 = AppStore|iPhoneSimulator
		{48B46B28-E439-4B27-B83E-7FEB1D83D008}.Debug|Any CPU.ActiveCfg = Debug|iPhoneSimulator
		{48B46B28-E439-4B27-B83E-7FEB1D83D008}.Debug|Any CPU.Build.0 = Debug|iPhoneSimulator
		{48B46B28-E439-4B27-B83E-7FEB1D83D008}.Debug|Any CPU.Deploy.0 = Debug|iPhoneSimulator
		{48B46B28-E439-4B27-B83E-7FEB1D83D008}.Debug|iPhone.ActiveCfg = Debug|iPhone
		{48B46B28-E439-4B27-B83E-7FEB1D83D008}.Debug|iPhone.Build.0 = Debug|iPhone
		{48B46B28-E439-4B27-B83E-7FEB1D83D008}.Debug|iPhone.Deploy.0 = Debug|iPhone
		{48B46B28-E439-4B27-B83E-7FEB1D83D008}.Debug|iPhoneSimulator.ActiveCfg = Debug|iPhoneSimulator
		{48B46B28-E439-4B27-B83E-7FEB1D83D008}.Debug|iPhoneSimulator.Build.0 = Debug|iPhoneSimulator
		{48B46B28-E439-4B27-B83E-7FEB1D83D008}.Debug|iPhoneSimulator.Deploy.0 = Debug|iPhoneSimulator
		{48B46B28-E439-4B27-B83E-7FEB1D83D008}.Release|Any CPU.ActiveCfg = Release|iPhone
		{48B46B28-E439-4B27-B83E-7FEB1D83D008}.Release|Any CPU.Build.0 = Release|iPhone
		{48B46B28-E439-4B27-B83E-7FEB1D83D008}.Release|Any CPU.Deploy.0 = Release|iPhone
		{48B46B28-E439-4B27-B83E-7FEB1D83D008}.Release|iPhone.ActiveCfg = Release|iPhone
		{48B46B28-E439-4B27-B83E-7FEB1D83D008}.Release|iPhone.Build.0 = Release|iPhone
		{48B46B28-E439-4B27-B83E-7FEB1D83D008}.Release|iPhone.Deploy.0 = Release|iPhone
		{48B46B28-E439-4B27-B83E-7FEB1D83D008}.Release|iPhoneSimulator.ActiveCfg = Release|iPhoneSimulator
		{48B46B28-E439-4B27-B83E-7FEB1D83D008}.Release|iPhoneSimulator.Build.0 = Release|iPhoneSimulator
		{48B46B28-E439-4B27-B83E-7FEB1D83D008}.Release|iPhoneSimulator.Deploy.0 = Release|iPhoneSimulator
		{63838653-AE0C-4566-8BCD-EF635AD8D1FF}.Ad-Hoc|Any CPU.ActiveCfg = Debug|Any CPU
		{63838653-AE0C-4566-8BCD-EF635AD8D1FF}.Ad-Hoc|Any CPU.Build.0 = Debug|Any CPU
		{63838653-AE0C-4566-8BCD-EF635AD8D1FF}.Ad-Hoc|Any CPU.Deploy.0 = Debug|Any CPU
		{63838653-AE0C-4566-8BCD-EF635AD8D1FF}.Ad-Hoc|iPhone.ActiveCfg = Debug|Any CPU
		{63838653-AE0C-4566-8BCD-EF635AD8D1FF}.Ad-Hoc|iPhone.Build.0 = Debug|Any CPU
		{63838653-AE0C-4566-8BCD-EF635AD8D1FF}.Ad-Hoc|iPhone.Deploy.0 = Debug|Any CPU
		{63838653-AE0C-4566-8BCD-EF635AD8D1FF}.Ad-Hoc|iPhoneSimulator.ActiveCfg = Debug|Any CPU
		{63838653-AE0C-4566-8BCD-EF635AD8D1FF}.Ad-Hoc|iPhoneSimulator.Build.0 = Debug|Any CPU
		{63838653-AE0C-4566-8BCD-EF635AD8D1FF}.Ad-Hoc|iPhoneSimulator.Deploy.0 = Debug|Any CPU
		{63838653-AE0C-4566-8BCD-EF635AD8D1FF}.AppStore|Any CPU.ActiveCfg = Debug|Any CPU
		{63838653-AE0C-4566-8BCD-EF635AD8D1FF}.AppStore|Any CPU.Build.0 = Debug|Any CPU
		{63838653-AE0C-4566-8BCD-EF635AD8D1FF}.AppStore|Any CPU.Deploy.0 = Debug|Any CPU
		{63838653-AE0C-4566-8BCD-EF635AD8D1FF}.AppStore|iPhone.ActiveCfg = Debug|Any CPU
		{63838653-AE0C-4566-8BCD-EF635AD8D1FF}.AppStore|iPhone.Build.0 = Debug|Any CPU
		{63838653-AE0C-4566-8BCD-EF635AD8D1FF}.AppStore|iPhone.Deploy.0 = Debug|Any CPU
		{63838653-AE0C-4566-8BCD-EF635AD8D1FF}.AppStore|iPhoneSimulator.ActiveCfg = Debug|Any CPU
		{63838653-AE0C-4566-8BCD-EF635AD8D1FF}.AppStore|iPhoneSimulator.Build.0 = Debug|Any CPU
		{63838653-AE0C-4566-8BCD-EF635AD8D1FF}.AppStore|iPhoneSimulator.Deploy.0 = Debug|Any CPU
		{63838653-AE0C-4566-8BCD-EF635AD8D1FF}.Debug|Any CPU.ActiveCfg = Debug|Any CPU
		{63838653-AE0C-4566-8BCD-EF635AD8D1FF}.Debug|Any CPU.Build.0 = Debug|Any CPU
		{63838653-AE0C-4566-8BCD-EF635AD8D1FF}.Debug|Any CPU.Deploy.0 = Debug|Any CPU
		{63838653-AE0C-4566-8BCD-EF635AD8D1FF}.Debug|iPhone.ActiveCfg = Debug|Any CPU
		{63838653-AE0C-4566-8BCD-EF635AD8D1FF}.Debug|iPhone.Build.0 = Debug|Any CPU
		{63838653-AE0C-4566-8BCD-EF635AD8D1FF}.Debug|iPhone.Deploy.0 = Debug|Any CPU
		{63838653-AE0C-4566-8BCD-EF635AD8D1FF}.Debug|iPhoneSimulator.ActiveCfg = Debug|Any CPU
		{63838653-AE0C-4566-8BCD-EF635AD8D1FF}.Debug|iPhoneSimulator.Build.0 = Debug|Any CPU
		{63838653-AE0C-4566-8BCD-EF635AD8D1FF}.Debug|iPhoneSimulator.Deploy.0 = Debug|Any CPU
		{63838653-AE0C-4566-8BCD-EF635AD8D1FF}.Release|Any CPU.ActiveCfg = Release|Any CPU
		{63838653-AE0C-4566-8BCD-EF635AD8D1FF}.Release|Any CPU.Build.0 = Release|Any CPU
		{63838653-AE0C-4566-8BCD-EF635AD8D1FF}.Release|Any CPU.Deploy.0 = Release|Any CPU
		{63838653-AE0C-4566-8BCD-EF635AD8D1FF}.Release|iPhone.ActiveCfg = Release|Any CPU
		{63838653-AE0C-4566-8BCD-EF635AD8D1FF}.Release|iPhone.Build.0 = Release|Any CPU
		{63838653-AE0C-4566-8BCD-EF635AD8D1FF}.Release|iPhone.Deploy.0 = Release|Any CPU
		{63838653-AE0C-4566-8BCD-EF635AD8D1FF}.Release|iPhoneSimulator.ActiveCfg = Release|Any CPU
		{63838653-AE0C-4566-8BCD-EF635AD8D1FF}.Release|iPhoneSimulator.Build.0 = Release|Any CPU
		{63838653-AE0C-4566-8BCD-EF635AD8D1FF}.Release|iPhoneSimulator.Deploy.0 = Release|Any CPU
	EndGlobalSection
	GlobalSection(SolutionProperties) = preSolution
		HideSolutionNode = FALSE
	EndGlobalSection
	GlobalSection(ExtensibilityGlobals) = postSolution
		SolutionGuid = {3596B89C-C1DD-43E4-B0C2-5EF1FEBB4054}
	EndGlobalSection
EndGlobal
