
Microsoft Visual Studio Solution File, Format Version 12.00
# Visual Studio 15
VisualStudioVersion = 15.0.27703.2026
MinimumVisualStudioVersion = 10.0.40219.1
Project("{FAE04EC0-301F-11D3-BF4B-00C04F79EFBC}") = "OntrackHealthApp.Android", "OntrackHealthApp\OntrackHealthApp.Android\OntrackHealthApp.Android.csproj", "{48D8F7CF-B6BD-499D-B4FD-A3BD36051258}"
EndProject
Project("{FAE04EC0-301F-11D3-BF4B-00C04F79EFBC}") = "OntrackHealthApp.iOS", "OntrackHealthApp\OntrackHealthApp.iOS\OntrackHealthApp.iOS.csproj", "{1578C1B7-9C38-4CB3-93D3-BD9062499DD1}"
EndProject
Project("{FAE04EC0-301F-11D3-BF4B-00C04F79EFBC}") = "OntrackHealthApp.UWP", "OntrackHealthApp\OntrackHealthApp.UWP\OntrackHealthApp.UWP.csproj", "{9C27D4DE-55E0-4E96-AA7C-F6FBE730462F}"
EndProject
Project("{D954291E-2A0B-460D-934E-DC6B0785DB48}") = "OntrackHealthApp", "OntrackHealthApp\OntrackHealthApp\OntrackHealthApp.shproj", "{96BFB9FC-38AB-47F3-8EB5-B91A42399847}"
EndProject
Global
	GlobalSection(SharedMSBuildProjectFiles) = preSolution
		OntrackHealthApp\OntrackHealthApp\OntrackHealthApp.projitems*{1578c1b7-9c38-4cb3-93d3-bd9062499dd1}*SharedItemsImports = 4
		OntrackHealthApp\OntrackHealthApp\OntrackHealthApp.projitems*{48d8f7cf-b6bd-499d-b4fd-a3bd36051258}*SharedItemsImports = 4
		OntrackHealthApp\OntrackHealthApp\OntrackHealthApp.projitems*{96bfb9fc-38ab-47f3-8eb5-b91a42399847}*SharedItemsImports = 13
		OntrackHealthApp\OntrackHealthApp\OntrackHealthApp.projitems*{9c27d4de-55e0-4e96-aa7c-f6fbe730462f}*SharedItemsImports = 4
	EndGlobalSection
	GlobalSection(SolutionConfigurationPlatforms) = preSolution
		Ad-Hoc|Any CPU = Ad-Hoc|Any CPU
		Ad-Hoc|ARM = Ad-Hoc|ARM
		Ad-Hoc|iPhone = Ad-Hoc|iPhone
		Ad-Hoc|iPhoneSimulator = Ad-Hoc|iPhoneSimulator
		Ad-Hoc|x64 = Ad-Hoc|x64
		Ad-Hoc|x86 = Ad-Hoc|x86
		AppStore|Any CPU = AppStore|Any CPU
		AppStore|ARM = AppStore|ARM
		AppStore|iPhone = AppStore|iPhone
		AppStore|iPhoneSimulator = AppStore|iPhoneSimulator
		AppStore|x64 = AppStore|x64
		AppStore|x86 = AppStore|x86
		Debug|Any CPU = Debug|Any CPU
		Debug|ARM = Debug|ARM
		Debug|iPhone = Debug|iPhone
		Debug|iPhoneSimulator = Debug|iPhoneSimulator
		Debug|x64 = Debug|x64
		Debug|x86 = Debug|x86
		Release|Any CPU = Release|Any CPU
		Release|ARM = Release|ARM
		Release|iPhone = Release|iPhone
		Release|iPhoneSimulator = Release|iPhoneSimulator
		Release|x64 = Release|x64
		Release|x86 = Release|x86
	EndGlobalSection
	GlobalSection(ProjectConfigurationPlatforms) = postSolution
		{48D8F7CF-B6BD-499D-B4FD-A3BD36051258}.Ad-Hoc|Any CPU.ActiveCfg = Release|Any CPU
		{48D8F7CF-B6BD-499D-B4FD-A3BD36051258}.Ad-Hoc|Any CPU.Build.0 = Release|Any CPU
		{48D8F7CF-B6BD-499D-B4FD-A3BD36051258}.Ad-Hoc|Any CPU.Deploy.0 = Release|Any CPU
		{48D8F7CF-B6BD-499D-B4FD-A3BD36051258}.Ad-Hoc|ARM.ActiveCfg = Release|Any CPU
		{48D8F7CF-B6BD-499D-B4FD-A3BD36051258}.Ad-Hoc|ARM.Build.0 = Release|Any CPU
		{48D8F7CF-B6BD-499D-B4FD-A3BD36051258}.Ad-Hoc|ARM.Deploy.0 = Release|Any CPU
		{48D8F7CF-B6BD-499D-B4FD-A3BD36051258}.Ad-Hoc|iPhone.ActiveCfg = Release|Any CPU
		{48D8F7CF-B6BD-499D-B4FD-A3BD36051258}.Ad-Hoc|iPhone.Build.0 = Release|Any CPU
		{48D8F7CF-B6BD-499D-B4FD-A3BD36051258}.Ad-Hoc|iPhone.Deploy.0 = Release|Any CPU
		{48D8F7CF-B6BD-499D-B4FD-A3BD36051258}.Ad-Hoc|iPhoneSimulator.ActiveCfg = Release|Any CPU
		{48D8F7CF-B6BD-499D-B4FD-A3BD36051258}.Ad-Hoc|iPhoneSimulator.Build.0 = Release|Any CPU
		{48D8F7CF-B6BD-499D-B4FD-A3BD36051258}.Ad-Hoc|iPhoneSimulator.Deploy.0 = Release|Any CPU
		{48D8F7CF-B6BD-499D-B4FD-A3BD36051258}.Ad-Hoc|x64.ActiveCfg = Release|Any CPU
		{48D8F7CF-B6BD-499D-B4FD-A3BD36051258}.Ad-Hoc|x64.Build.0 = Release|Any CPU
		{48D8F7CF-B6BD-499D-B4FD-A3BD36051258}.Ad-Hoc|x64.Deploy.0 = Release|Any CPU
		{48D8F7CF-B6BD-499D-B4FD-A3BD36051258}.Ad-Hoc|x86.ActiveCfg = Release|Any CPU
		{48D8F7CF-B6BD-499D-B4FD-A3BD36051258}.Ad-Hoc|x86.Build.0 = Release|Any CPU
		{48D8F7CF-B6BD-499D-B4FD-A3BD36051258}.Ad-Hoc|x86.Deploy.0 = Release|Any CPU
		{48D8F7CF-B6BD-499D-B4FD-A3BD36051258}.AppStore|Any CPU.ActiveCfg = Release|Any CPU
		{48D8F7CF-B6BD-499D-B4FD-A3BD36051258}.AppStore|Any CPU.Build.0 = Release|Any CPU
		{48D8F7CF-B6BD-499D-B4FD-A3BD36051258}.AppStore|Any CPU.Deploy.0 = Release|Any CPU
		{48D8F7CF-B6BD-499D-B4FD-A3BD36051258}.AppStore|ARM.ActiveCfg = Release|Any CPU
		{48D8F7CF-B6BD-499D-B4FD-A3BD36051258}.AppStore|ARM.Build.0 = Release|Any CPU
		{48D8F7CF-B6BD-499D-B4FD-A3BD36051258}.AppStore|ARM.Deploy.0 = Release|Any CPU
		{48D8F7CF-B6BD-499D-B4FD-A3BD36051258}.AppStore|iPhone.ActiveCfg = Release|Any CPU
		{48D8F7CF-B6BD-499D-B4FD-A3BD36051258}.AppStore|iPhone.Build.0 = Release|Any CPU
		{48D8F7CF-B6BD-499D-B4FD-A3BD36051258}.AppStore|iPhone.Deploy.0 = Release|Any CPU
		{48D8F7CF-B6BD-499D-B4FD-A3BD36051258}.AppStore|iPhoneSimulator.ActiveCfg = Release|Any CPU
		{48D8F7CF-B6BD-499D-B4FD-A3BD36051258}.AppStore|iPhoneSimulator.Build.0 = Release|Any CPU
		{48D8F7CF-B6BD-499D-B4FD-A3BD36051258}.AppStore|iPhoneSimulator.Deploy.0 = Release|Any CPU
		{48D8F7CF-B6BD-499D-B4FD-A3BD36051258}.AppStore|x64.ActiveCfg = Release|Any CPU
		{48D8F7CF-B6BD-499D-B4FD-A3BD36051258}.AppStore|x64.Build.0 = Release|Any CPU
		{48D8F7CF-B6BD-499D-B4FD-A3BD36051258}.AppStore|x64.Deploy.0 = Release|Any CPU
		{48D8F7CF-B6BD-499D-B4FD-A3BD36051258}.AppStore|x86.ActiveCfg = Release|Any CPU
		{48D8F7CF-B6BD-499D-B4FD-A3BD36051258}.AppStore|x86.Build.0 = Release|Any CPU
		{48D8F7CF-B6BD-499D-B4FD-A3BD36051258}.AppStore|x86.Deploy.0 = Release|Any CPU
		{48D8F7CF-B6BD-499D-B4FD-A3BD36051258}.Debug|Any CPU.ActiveCfg = Debug|Any CPU
		{48D8F7CF-B6BD-499D-B4FD-A3BD36051258}.Debug|Any CPU.Build.0 = Debug|Any CPU
		{48D8F7CF-B6BD-499D-B4FD-A3BD36051258}.Debug|Any CPU.Deploy.0 = Debug|Any CPU
		{48D8F7CF-B6BD-499D-B4FD-A3BD36051258}.Debug|ARM.ActiveCfg = Debug|Any CPU
		{48D8F7CF-B6BD-499D-B4FD-A3BD36051258}.Debug|ARM.Build.0 = Debug|Any CPU
		{48D8F7CF-B6BD-499D-B4FD-A3BD36051258}.Debug|ARM.Deploy.0 = Debug|Any CPU
		{48D8F7CF-B6BD-499D-B4FD-A3BD36051258}.Debug|iPhone.ActiveCfg = Debug|Any CPU
		{48D8F7CF-B6BD-499D-B4FD-A3BD36051258}.Debug|iPhone.Build.0 = Debug|Any CPU
		{48D8F7CF-B6BD-499D-B4FD-A3BD36051258}.Debug|iPhone.Deploy.0 = Debug|Any CPU
		{48D8F7CF-B6BD-499D-B4FD-A3BD36051258}.Debug|iPhoneSimulator.ActiveCfg = Debug|Any CPU
		{48D8F7CF-B6BD-499D-B4FD-A3BD36051258}.Debug|iPhoneSimulator.Build.0 = Debug|Any CPU
		{48D8F7CF-B6BD-499D-B4FD-A3BD36051258}.Debug|iPhoneSimulator.Deploy.0 = Debug|Any CPU
		{48D8F7CF-B6BD-499D-B4FD-A3BD36051258}.Debug|x64.ActiveCfg = Debug|Any CPU
		{48D8F7CF-B6BD-499D-B4FD-A3BD36051258}.Debug|x64.Build.0 = Debug|Any CPU
		{48D8F7CF-B6BD-499D-B4FD-A3BD36051258}.Debug|x64.Deploy.0 = Debug|Any CPU
		{48D8F7CF-B6BD-499D-B4FD-A3BD36051258}.Debug|x86.ActiveCfg = Debug|Any CPU
		{48D8F7CF-B6BD-499D-B4FD-A3BD36051258}.Debug|x86.Build.0 = Debug|Any CPU
		{48D8F7CF-B6BD-499D-B4FD-A3BD36051258}.Debug|x86.Deploy.0 = Debug|Any CPU
		{48D8F7CF-B6BD-499D-B4FD-A3BD36051258}.Release|Any CPU.ActiveCfg = Release|Any CPU
		{48D8F7CF-B6BD-499D-B4FD-A3BD36051258}.Release|Any CPU.Build.0 = Release|Any CPU
		{48D8F7CF-B6BD-499D-B4FD-A3BD36051258}.Release|Any CPU.Deploy.0 = Release|Any CPU
		{48D8F7CF-B6BD-499D-B4FD-A3BD36051258}.Release|ARM.ActiveCfg = Release|Any CPU
		{48D8F7CF-B6BD-499D-B4FD-A3BD36051258}.Release|ARM.Build.0 = Release|Any CPU
		{48D8F7CF-B6BD-499D-B4FD-A3BD36051258}.Release|ARM.Deploy.0 = Release|Any CPU
		{48D8F7CF-B6BD-499D-B4FD-A3BD36051258}.Release|iPhone.ActiveCfg = Release|Any CPU
		{48D8F7CF-B6BD-499D-B4FD-A3BD36051258}.Release|iPhone.Build.0 = Release|Any CPU
		{48D8F7CF-B6BD-499D-B4FD-A3BD36051258}.Release|iPhone.Deploy.0 = Release|Any CPU
		{48D8F7CF-B6BD-499D-B4FD-A3BD36051258}.Release|iPhoneSimulator.ActiveCfg = Release|Any CPU
		{48D8F7CF-B6BD-499D-B4FD-A3BD36051258}.Release|iPhoneSimulator.Build.0 = Release|Any CPU
		{48D8F7CF-B6BD-499D-B4FD-A3BD36051258}.Release|iPhoneSimulator.Deploy.0 = Release|Any CPU
		{48D8F7CF-B6BD-499D-B4FD-A3BD36051258}.Release|x64.ActiveCfg = Release|Any CPU
		{48D8F7CF-B6BD-499D-B4FD-A3BD36051258}.Release|x64.Build.0 = Release|Any CPU
		{48D8F7CF-B6BD-499D-B4FD-A3BD36051258}.Release|x64.Deploy.0 = Release|Any CPU
		{48D8F7CF-B6BD-499D-B4FD-A3BD36051258}.Release|x86.ActiveCfg = Release|Any CPU
		{48D8F7CF-B6BD-499D-B4FD-A3BD36051258}.Release|x86.Build.0 = Release|Any CPU
		{48D8F7CF-B6BD-499D-B4FD-A3BD36051258}.Release|x86.Deploy.0 = Release|Any CPU
		{1578C1B7-9C38-4CB3-93D3-BD9062499DD1}.Ad-Hoc|Any CPU.ActiveCfg = Ad-Hoc|iPhone
		{1578C1B7-9C38-4CB3-93D3-BD9062499DD1}.Ad-Hoc|Any CPU.Build.0 = Ad-Hoc|iPhone
		{1578C1B7-9C38-4CB3-93D3-BD9062499DD1}.Ad-Hoc|Any CPU.Deploy.0 = Ad-Hoc|iPhone
		{1578C1B7-9C38-4CB3-93D3-BD9062499DD1}.Ad-Hoc|ARM.ActiveCfg = Ad-Hoc|iPhone
		{1578C1B7-9C38-4CB3-93D3-BD9062499DD1}.Ad-Hoc|ARM.Build.0 = Ad-Hoc|iPhone
		{1578C1B7-9C38-4CB3-93D3-BD9062499DD1}.Ad-Hoc|ARM.Deploy.0 = Ad-Hoc|iPhone
		{1578C1B7-9C38-4CB3-93D3-BD9062499DD1}.Ad-Hoc|iPhone.ActiveCfg = Ad-Hoc|iPhone
		{1578C1B7-9C38-4CB3-93D3-BD9062499DD1}.Ad-Hoc|iPhone.Build.0 = Ad-Hoc|iPhone
		{1578C1B7-9C38-4CB3-93D3-BD9062499DD1}.Ad-Hoc|iPhone.Deploy.0 = Ad-Hoc|iPhone
		{1578C1B7-9C38-4CB3-93D3-BD9062499DD1}.Ad-Hoc|iPhoneSimulator.ActiveCfg = Ad-Hoc|iPhoneSimulator
		{1578C1B7-9C38-4CB3-93D3-BD9062499DD1}.Ad-Hoc|iPhoneSimulator.Build.0 = Ad-Hoc|iPhoneSimulator
		{1578C1B7-9C38-4CB3-93D3-BD9062499DD1}.Ad-Hoc|iPhoneSimulator.Deploy.0 = Ad-Hoc|iPhoneSimulator
		{1578C1B7-9C38-4CB3-93D3-BD9062499DD1}.Ad-Hoc|x64.ActiveCfg = Ad-Hoc|iPhone
		{1578C1B7-9C38-4CB3-93D3-BD9062499DD1}.Ad-Hoc|x64.Build.0 = Ad-Hoc|iPhone
		{1578C1B7-9C38-4CB3-93D3-BD9062499DD1}.Ad-Hoc|x64.Deploy.0 = Ad-Hoc|iPhone
		{1578C1B7-9C38-4CB3-93D3-BD9062499DD1}.Ad-Hoc|x86.ActiveCfg = Ad-Hoc|iPhone
		{1578C1B7-9C38-4CB3-93D3-BD9062499DD1}.Ad-Hoc|x86.Build.0 = Ad-Hoc|iPhone
		{1578C1B7-9C38-4CB3-93D3-BD9062499DD1}.Ad-Hoc|x86.Deploy.0 = Ad-Hoc|iPhone
		{1578C1B7-9C38-4CB3-93D3-BD9062499DD1}.AppStore|Any CPU.ActiveCfg = AppStore|iPhone
		{1578C1B7-9C38-4CB3-93D3-BD9062499DD1}.AppStore|Any CPU.Build.0 = AppStore|iPhone
		{1578C1B7-9C38-4CB3-93D3-BD9062499DD1}.AppStore|Any CPU.Deploy.0 = AppStore|iPhone
		{1578C1B7-9C38-4CB3-93D3-BD9062499DD1}.AppStore|ARM.ActiveCfg = AppStore|iPhone
		{1578C1B7-9C38-4CB3-93D3-BD9062499DD1}.AppStore|ARM.Build.0 = AppStore|iPhone
		{1578C1B7-9C38-4CB3-93D3-BD9062499DD1}.AppStore|ARM.Deploy.0 = AppStore|iPhone
		{1578C1B7-9C38-4CB3-93D3-BD9062499DD1}.AppStore|iPhone.ActiveCfg = AppStore|iPhone
		{1578C1B7-9C38-4CB3-93D3-BD9062499DD1}.AppStore|iPhone.Build.0 = AppStore|iPhone
		{1578C1B7-9C38-4CB3-93D3-BD9062499DD1}.AppStore|iPhone.Deploy.0 = AppStore|iPhone
		{1578C1B7-9C38-4CB3-93D3-BD9062499DD1}.AppStore|iPhoneSimulator.ActiveCfg = AppStore|iPhoneSimulator
		{1578C1B7-9C38-4CB3-93D3-BD9062499DD1}.AppStore|iPhoneSimulator.Build.0 = AppStore|iPhoneSimulator
		{1578C1B7-9C38-4CB3-93D3-BD9062499DD1}.AppStore|iPhoneSimulator.Deploy.0 = AppStore|iPhoneSimulator
		{1578C1B7-9C38-4CB3-93D3-BD9062499DD1}.AppStore|x64.ActiveCfg = AppStore|iPhone
		{1578C1B7-9C38-4CB3-93D3-BD9062499DD1}.AppStore|x64.Build.0 = AppStore|iPhone
		{1578C1B7-9C38-4CB3-93D3-BD9062499DD1}.AppStore|x64.Deploy.0 = AppStore|iPhone
		{1578C1B7-9C38-4CB3-93D3-BD9062499DD1}.AppStore|x86.ActiveCfg = AppStore|iPhone
		{1578C1B7-9C38-4CB3-93D3-BD9062499DD1}.AppStore|x86.Build.0 = AppStore|iPhone
		{1578C1B7-9C38-4CB3-93D3-BD9062499DD1}.AppStore|x86.Deploy.0 = AppStore|iPhone
		{1578C1B7-9C38-4CB3-93D3-BD9062499DD1}.Debug|Any CPU.ActiveCfg = Debug|iPhone
		{1578C1B7-9C38-4CB3-93D3-BD9062499DD1}.Debug|Any CPU.Build.0 = Debug|iPhone
		{1578C1B7-9C38-4CB3-93D3-BD9062499DD1}.Debug|Any CPU.Deploy.0 = Debug|iPhone
		{1578C1B7-9C38-4CB3-93D3-BD9062499DD1}.Debug|ARM.ActiveCfg = Debug|iPhone
		{1578C1B7-9C38-4CB3-93D3-BD9062499DD1}.Debug|ARM.Build.0 = Debug|iPhone
		{1578C1B7-9C38-4CB3-93D3-BD9062499DD1}.Debug|ARM.Deploy.0 = Debug|iPhone
		{1578C1B7-9C38-4CB3-93D3-BD9062499DD1}.Debug|iPhone.ActiveCfg = Debug|iPhone
		{1578C1B7-9C38-4CB3-93D3-BD9062499DD1}.Debug|iPhone.Build.0 = Debug|iPhone
		{1578C1B7-9C38-4CB3-93D3-BD9062499DD1}.Debug|iPhone.Deploy.0 = Debug|iPhone
		{1578C1B7-9C38-4CB3-93D3-BD9062499DD1}.Debug|iPhoneSimulator.ActiveCfg = Debug|iPhoneSimulator
		{1578C1B7-9C38-4CB3-93D3-BD9062499DD1}.Debug|iPhoneSimulator.Build.0 = Debug|iPhoneSimulator
		{1578C1B7-9C38-4CB3-93D3-BD9062499DD1}.Debug|iPhoneSimulator.Deploy.0 = Debug|iPhoneSimulator
		{1578C1B7-9C38-4CB3-93D3-BD9062499DD1}.Debug|x64.ActiveCfg = Debug|iPhone
		{1578C1B7-9C38-4CB3-93D3-BD9062499DD1}.Debug|x64.Build.0 = Debug|iPhone
		{1578C1B7-9C38-4CB3-93D3-BD9062499DD1}.Debug|x64.Deploy.0 = Debug|iPhone
		{1578C1B7-9C38-4CB3-93D3-BD9062499DD1}.Debug|x86.ActiveCfg = Debug|iPhoneSimulator
		{1578C1B7-9C38-4CB3-93D3-BD9062499DD1}.Debug|x86.Build.0 = Debug|iPhoneSimulator
		{1578C1B7-9C38-4CB3-93D3-BD9062499DD1}.Debug|x86.Deploy.0 = Debug|iPhoneSimulator
		{1578C1B7-9C38-4CB3-93D3-BD9062499DD1}.Release|Any CPU.ActiveCfg = Release|iPhone
		{1578C1B7-9C38-4CB3-93D3-BD9062499DD1}.Release|Any CPU.Build.0 = Release|iPhone
		{1578C1B7-9C38-4CB3-93D3-BD9062499DD1}.Release|Any CPU.Deploy.0 = Release|iPhone
		{1578C1B7-9C38-4CB3-93D3-BD9062499DD1}.Release|ARM.ActiveCfg = Release|iPhone
		{1578C1B7-9C38-4CB3-93D3-BD9062499DD1}.Release|ARM.Build.0 = Release|iPhone
		{1578C1B7-9C38-4CB3-93D3-BD9062499DD1}.Release|ARM.Deploy.0 = Release|iPhone
		{1578C1B7-9C38-4CB3-93D3-BD9062499DD1}.Release|iPhone.ActiveCfg = Release|iPhone
		{1578C1B7-9C38-4CB3-93D3-BD9062499DD1}.Release|iPhone.Build.0 = Release|iPhone
		{1578C1B7-9C38-4CB3-93D3-BD9062499DD1}.Release|iPhone.Deploy.0 = Release|iPhone
		{1578C1B7-9C38-4CB3-93D3-BD9062499DD1}.Release|iPhoneSimulator.ActiveCfg = Release|iPhoneSimulator
		{1578C1B7-9C38-4CB3-93D3-BD9062499DD1}.Release|iPhoneSimulator.Build.0 = Release|iPhoneSimulator
		{1578C1B7-9C38-4CB3-93D3-BD9062499DD1}.Release|iPhoneSimulator.Deploy.0 = Release|iPhoneSimulator
		{1578C1B7-9C38-4CB3-93D3-BD9062499DD1}.Release|x64.ActiveCfg = Release|iPhone
		{1578C1B7-9C38-4CB3-93D3-BD9062499DD1}.Release|x64.Build.0 = Release|iPhone
		{1578C1B7-9C38-4CB3-93D3-BD9062499DD1}.Release|x64.Deploy.0 = Release|iPhone
		{1578C1B7-9C38-4CB3-93D3-BD9062499DD1}.Release|x86.ActiveCfg = Release|iPhone
		{1578C1B7-9C38-4CB3-93D3-BD9062499DD1}.Release|x86.Build.0 = Release|iPhone
		{1578C1B7-9C38-4CB3-93D3-BD9062499DD1}.Release|x86.Deploy.0 = Release|iPhone
		{9C27D4DE-55E0-4E96-AA7C-F6FBE730462F}.Ad-Hoc|Any CPU.ActiveCfg = Release|x86
		{9C27D4DE-55E0-4E96-AA7C-F6FBE730462F}.Ad-Hoc|Any CPU.Build.0 = Release|x86
		{9C27D4DE-55E0-4E96-AA7C-F6FBE730462F}.Ad-Hoc|Any CPU.Deploy.0 = Release|x86
		{9C27D4DE-55E0-4E96-AA7C-F6FBE730462F}.Ad-Hoc|ARM.ActiveCfg = Release|ARM
		{9C27D4DE-55E0-4E96-AA7C-F6FBE730462F}.Ad-Hoc|ARM.Build.0 = Release|ARM
		{9C27D4DE-55E0-4E96-AA7C-F6FBE730462F}.Ad-Hoc|ARM.Deploy.0 = Release|ARM
		{9C27D4DE-55E0-4E96-AA7C-F6FBE730462F}.Ad-Hoc|iPhone.ActiveCfg = Release|x86
		{9C27D4DE-55E0-4E96-AA7C-F6FBE730462F}.Ad-Hoc|iPhone.Build.0 = Release|x86
		{9C27D4DE-55E0-4E96-AA7C-F6FBE730462F}.Ad-Hoc|iPhone.Deploy.0 = Release|x86
		{9C27D4DE-55E0-4E96-AA7C-F6FBE730462F}.Ad-Hoc|iPhoneSimulator.ActiveCfg = Release|x86
		{9C27D4DE-55E0-4E96-AA7C-F6FBE730462F}.Ad-Hoc|iPhoneSimulator.Build.0 = Release|x86
		{9C27D4DE-55E0-4E96-AA7C-F6FBE730462F}.Ad-Hoc|iPhoneSimulator.Deploy.0 = Release|x86
		{9C27D4DE-55E0-4E96-AA7C-F6FBE730462F}.Ad-Hoc|x64.ActiveCfg = Release|x64
		{9C27D4DE-55E0-4E96-AA7C-F6FBE730462F}.Ad-Hoc|x64.Build.0 = Release|x64
		{9C27D4DE-55E0-4E96-AA7C-F6FBE730462F}.Ad-Hoc|x64.Deploy.0 = Release|x64
		{9C27D4DE-55E0-4E96-AA7C-F6FBE730462F}.Ad-Hoc|x86.ActiveCfg = Release|x86
		{9C27D4DE-55E0-4E96-AA7C-F6FBE730462F}.Ad-Hoc|x86.Build.0 = Release|x86
		{9C27D4DE-55E0-4E96-AA7C-F6FBE730462F}.Ad-Hoc|x86.Deploy.0 = Release|x86
		{9C27D4DE-55E0-4E96-AA7C-F6FBE730462F}.AppStore|Any CPU.ActiveCfg = Release|x86
		{9C27D4DE-55E0-4E96-AA7C-F6FBE730462F}.AppStore|Any CPU.Build.0 = Release|x86
		{9C27D4DE-55E0-4E96-AA7C-F6FBE730462F}.AppStore|Any CPU.Deploy.0 = Release|x86
		{9C27D4DE-55E0-4E96-AA7C-F6FBE730462F}.AppStore|ARM.ActiveCfg = Release|ARM
		{9C27D4DE-55E0-4E96-AA7C-F6FBE730462F}.AppStore|ARM.Build.0 = Release|ARM
		{9C27D4DE-55E0-4E96-AA7C-F6FBE730462F}.AppStore|ARM.Deploy.0 = Release|ARM
		{9C27D4DE-55E0-4E96-AA7C-F6FBE730462F}.AppStore|iPhone.ActiveCfg = Release|x86
		{9C27D4DE-55E0-4E96-AA7C-F6FBE730462F}.AppStore|iPhone.Build.0 = Release|x86
		{9C27D4DE-55E0-4E96-AA7C-F6FBE730462F}.AppStore|iPhone.Deploy.0 = Release|x86
		{9C27D4DE-55E0-4E96-AA7C-F6FBE730462F}.AppStore|iPhoneSimulator.ActiveCfg = Release|x86
		{9C27D4DE-55E0-4E96-AA7C-F6FBE730462F}.AppStore|iPhoneSimulator.Build.0 = Release|x86
		{9C27D4DE-55E0-4E96-AA7C-F6FBE730462F}.AppStore|iPhoneSimulator.Deploy.0 = Release|x86
		{9C27D4DE-55E0-4E96-AA7C-F6FBE730462F}.AppStore|x64.ActiveCfg = Release|x64
		{9C27D4DE-55E0-4E96-AA7C-F6FBE730462F}.AppStore|x64.Build.0 = Release|x64
		{9C27D4DE-55E0-4E96-AA7C-F6FBE730462F}.AppStore|x64.Deploy.0 = Release|x64
		{9C27D4DE-55E0-4E96-AA7C-F6FBE730462F}.AppStore|x86.ActiveCfg = Release|x86
		{9C27D4DE-55E0-4E96-AA7C-F6FBE730462F}.AppStore|x86.Build.0 = Release|x86
		{9C27D4DE-55E0-4E96-AA7C-F6FBE730462F}.AppStore|x86.Deploy.0 = Release|x86
		{9C27D4DE-55E0-4E96-AA7C-F6FBE730462F}.Debug|Any CPU.ActiveCfg = Debug|x86
		{9C27D4DE-55E0-4E96-AA7C-F6FBE730462F}.Debug|Any CPU.Build.0 = Debug|x86
		{9C27D4DE-55E0-4E96-AA7C-F6FBE730462F}.Debug|Any CPU.Deploy.0 = Debug|x86
		{9C27D4DE-55E0-4E96-AA7C-F6FBE730462F}.Debug|ARM.ActiveCfg = Debug|ARM
		{9C27D4DE-55E0-4E96-AA7C-F6FBE730462F}.Debug|ARM.Build.0 = Debug|ARM
		{9C27D4DE-55E0-4E96-AA7C-F6FBE730462F}.Debug|ARM.Deploy.0 = Debug|ARM
		{9C27D4DE-55E0-4E96-AA7C-F6FBE730462F}.Debug|iPhone.ActiveCfg = Debug|x86
		{9C27D4DE-55E0-4E96-AA7C-F6FBE730462F}.Debug|iPhone.Build.0 = Debug|x86
		{9C27D4DE-55E0-4E96-AA7C-F6FBE730462F}.Debug|iPhone.Deploy.0 = Debug|x86
		{9C27D4DE-55E0-4E96-AA7C-F6FBE730462F}.Debug|iPhoneSimulator.ActiveCfg = Debug|x86
		{9C27D4DE-55E0-4E96-AA7C-F6FBE730462F}.Debug|iPhoneSimulator.Build.0 = Debug|x86
		{9C27D4DE-55E0-4E96-AA7C-F6FBE730462F}.Debug|iPhoneSimulator.Deploy.0 = Debug|x86
		{9C27D4DE-55E0-4E96-AA7C-F6FBE730462F}.Debug|x64.ActiveCfg = Debug|x64
		{9C27D4DE-55E0-4E96-AA7C-F6FBE730462F}.Debug|x64.Build.0 = Debug|x64
		{9C27D4DE-55E0-4E96-AA7C-F6FBE730462F}.Debug|x64.Deploy.0 = Debug|x64
		{9C27D4DE-55E0-4E96-AA7C-F6FBE730462F}.Debug|x86.ActiveCfg = Debug|x86
		{9C27D4DE-55E0-4E96-AA7C-F6FBE730462F}.Debug|x86.Build.0 = Debug|x86
		{9C27D4DE-55E0-4E96-AA7C-F6FBE730462F}.Debug|x86.Deploy.0 = Debug|x86
		{9C27D4DE-55E0-4E96-AA7C-F6FBE730462F}.Release|Any CPU.ActiveCfg = Release|x86
		{9C27D4DE-55E0-4E96-AA7C-F6FBE730462F}.Release|Any CPU.Build.0 = Release|x86
		{9C27D4DE-55E0-4E96-AA7C-F6FBE730462F}.Release|Any CPU.Deploy.0 = Release|x86
		{9C27D4DE-55E0-4E96-AA7C-F6FBE730462F}.Release|ARM.ActiveCfg = Release|ARM
		{9C27D4DE-55E0-4E96-AA7C-F6FBE730462F}.Release|ARM.Build.0 = Release|ARM
		{9C27D4DE-55E0-4E96-AA7C-F6FBE730462F}.Release|ARM.Deploy.0 = Release|ARM
		{9C27D4DE-55E0-4E96-AA7C-F6FBE730462F}.Release|iPhone.ActiveCfg = Release|x86
		{9C27D4DE-55E0-4E96-AA7C-F6FBE730462F}.Release|iPhone.Build.0 = Release|x86
		{9C27D4DE-55E0-4E96-AA7C-F6FBE730462F}.Release|iPhone.Deploy.0 = Release|x86
		{9C27D4DE-55E0-4E96-AA7C-F6FBE730462F}.Release|iPhoneSimulator.ActiveCfg = Release|x86
		{9C27D4DE-55E0-4E96-AA7C-F6FBE730462F}.Release|iPhoneSimulator.Build.0 = Release|x86
		{9C27D4DE-55E0-4E96-AA7C-F6FBE730462F}.Release|iPhoneSimulator.Deploy.0 = Release|x86
		{9C27D4DE-55E0-4E96-AA7C-F6FBE730462F}.Release|x64.ActiveCfg = Release|x64
		{9C27D4DE-55E0-4E96-AA7C-F6FBE730462F}.Release|x64.Build.0 = Release|x64
		{9C27D4DE-55E0-4E96-AA7C-F6FBE730462F}.Release|x64.Deploy.0 = Release|x64
		{9C27D4DE-55E0-4E96-AA7C-F6FBE730462F}.Release|x86.ActiveCfg = Release|x86
		{9C27D4DE-55E0-4E96-AA7C-F6FBE730462F}.Release|x86.Build.0 = Release|x86
		{9C27D4DE-55E0-4E96-AA7C-F6FBE730462F}.Release|x86.Deploy.0 = Release|x86
	EndGlobalSection
	GlobalSection(SolutionProperties) = preSolution
		HideSolutionNode = FALSE
	EndGlobalSection
	GlobalSection(ExtensibilityGlobals) = postSolution
		SolutionGuid = {DD2432F0-3B68-4FD1-87BB-8A8C0D791D3B}
	EndGlobalSection
EndGlobal
